
Microsoft Visual Studio Solution File, Format Version 12.00
# Visual Studio Version 17
VisualStudioVersion = 17.7.34031.279
MinimumVisualStudioVersion = 10.0.40219.1
Project("{FAE04EC0-301F-11D3-BF4B-00C04F79EFBC}") = "IntegrativeMidterm", "IntegrativeMidterm\IntegrativeMidterm.csproj", "{F95CD952-DD9D-40F4-9D73-60734CA0557F}"
EndProject
Global
	GlobalSection(SolutionConfigurationPlatforms) = preSolution
		Debug|Any CPU = Debug|Any CPU
		Release|Any CPU = Release|Any CPU
	EndGlobalSection
	GlobalSection(ProjectConfigurationPlatforms) = postSolution
		{F95CD952-DD9D-40F4-9D73-60734CA0557F}.Debug|Any CPU.ActiveCfg = Debug|Any CPU
		{F95CD952-DD9D-40F4-9D73-60734CA0557F}.Debug|Any CPU.Build.0 = Debug|Any CPU
		{F95CD952-DD9D-40F4-9D73-60734CA0557F}.Release|Any CPU.ActiveCfg = Release|Any CPU
		{F95CD952-DD9D-40F4-9D73-60734CA0557F}.Release|Any CPU.Build.0 = Release|Any CPU
	EndGlobalSection
	GlobalSection(SolutionProperties) = preSolution
		HideSolutionNode = FALSE
	EndGlobalSection
	GlobalSection(ExtensibilityGlobals) = postSolution
		SolutionGuid = {706C1E90-9270-4D61-B59A-88141F7ABB53}
	EndGlobalSection
EndGlobal
